
Microsoft Visual Studio Solution File, Format Version 12.00
# Visual Studio Version 16
VisualStudioVersion = 16.0.32228.343
MinimumVisualStudioVersion = 10.0.40219.1
Project("{9A19103F-16F7-4668-BE54-9A1E7A4F7556}") = "PSFits", "PSFits\PSFits.csproj", "{C66F9062-E584-4E81-B74C-95509D68382D}"
EndProject
Project("{FAE04EC0-301F-11D3-BF4B-00C04F79EFBC}") = "PSFits.Tests", "PSFits.Tests\PSFits.Tests.csproj", "{1DE787B7-014C-4014-ADC7-C329FFFD0B38}"
EndProject
Global
	GlobalSection(SolutionConfigurationPlatforms) = preSolution
		Debug|Any CPU = Debug|Any CPU
		Release|Any CPU = Release|Any CPU
	EndGlobalSection
	GlobalSection(ProjectConfigurationPlatforms) = postSolution
		{C66F9062-E584-4E81-B74C-95509D68382D}.Debug|Any CPU.ActiveCfg = Debug|Any CPU
		{C66F9062-E584-4E81-B74C-95509D68382D}.Debug|Any CPU.Build.0 = Debug|Any CPU
		{C66F9062-E584-4E81-B74C-95509D68382D}.Release|Any CPU.ActiveCfg = Release|Any CPU
		{C66F9062-E584-4E81-B74C-95509D68382D}.Release|Any CPU.Build.0 = Release|Any CPU
		{1DE787B7-014C-4014-ADC7-C329FFFD0B38}.Debug|Any CPU.ActiveCfg = Debug|Any CPU
		{1DE787B7-014C-4014-ADC7-C329FFFD0B38}.Debug|Any CPU.Build.0 = Debug|Any CPU
		{1DE787B7-014C-4014-ADC7-C329FFFD0B38}.Release|Any CPU.ActiveCfg = Release|Any CPU
		{1DE787B7-014C-4014-ADC7-C329FFFD0B38}.Release|Any CPU.Build.0 = Release|Any CPU
	EndGlobalSection
	GlobalSection(SolutionProperties) = preSolution
		HideSolutionNode = FALSE
	EndGlobalSection
	GlobalSection(ExtensibilityGlobals) = postSolution
		SolutionGuid = {DEC99D5E-0D06-4ECD-BBA3-DB37AAFCB01F}
	EndGlobalSection
EndGlobal
